
Microsoft Visual Studio Solution File, Format Version 12.00
# Visual Studio Version 17
VisualStudioVersion = 17.11.35222.181
MinimumVisualStudioVersion = 10.0.40219.1
Project("{FAE04EC0-301F-11D3-BF4B-00C04F79EFBC}") = "WinFormMag", "WinFormMag\WinFormMag.csproj", "{1BFE24DD-A732-403F-B015-A73B44E0D901}"
EndProject
Global
	GlobalSection(SolutionConfigurationPlatforms) = preSolution
		Debug|Any CPU = Debug|Any CPU
		Release|Any CPU = Release|Any CPU
	EndGlobalSection
	GlobalSection(ProjectConfigurationPlatforms) = postSolution
		{1BFE24DD-A732-403F-B015-A73B44E0D901}.Debug|Any CPU.ActiveCfg = Debug|Any CPU
		{1BFE24DD-A732-403F-B015-A73B44E0D901}.Debug|Any CPU.Build.0 = Debug|Any CPU
		{1BFE24DD-A732-403F-B015-A73B44E0D901}.Release|Any CPU.ActiveCfg = Release|Any CPU
		{1BFE24DD-A732-403F-B015-A73B44E0D901}.Release|Any CPU.Build.0 = Release|Any CPU
	EndGlobalSection
	GlobalSection(SolutionProperties) = preSolution
		HideSolutionNode = FALSE
	EndGlobalSection
	GlobalSection(ExtensibilityGlobals) = postSolution
		SolutionGuid = {406B63DE-763A-48D2-B5D1-BA13CF9B0A4A}
	EndGlobalSection
EndGlobal
